{
  "name": "crate_upload_cli",
  "version": "0.0.1",
  "lockfileVersion": 3,
  "requires": true,
  "packages": {
    "": {
      "name": "crate_upload_cli",
      "version": "0.0.1",
      "license": "ISC",
      "dependencies": {
        "axios": "^1.7.9",
        "commander": "^12.1.0",
        "dotenv": "^16.4.7"
      },
      "bin": {
        "cratesurf": "dist/main.js"
      },
      "devDependencies": {
        "@types/node": "^22.10.1",
        "prisma": "^6.0.1",
        "typescript": "^5.7.2"
      }
    },
    "node_modules/.pnpm/typescript@5.7.2": {
      "dev": true
    },
    "node_modules/.pnpm/typescript@5.7.2/node_modules/typescript": {
      "version": "5.7.2",
      "dev": true,
      "license": "Apache-2.0",
      "bin": {
        "tsc": "bin/tsc",
        "tsserver": "bin/tsserver"
      },
      "engines": {
        "node": ">=14.17"
      }
    },
    "node_modules/@prisma/debug": {
      "version": "6.0.1",
      "resolved": "https://registry.npmjs.org/@prisma/debug/-/debug-6.0.1.tgz",
      "integrity": "sha512-jQylgSOf7ibTVxqBacnAlVGvek6fQxJIYCQOeX2KexsfypNzXjJQSS2o5s+Mjj2Np93iSOQUaw6TvPj8syhG4w==",
      "dev": true,
      "license": "Apache-2.0"
    },
    "node_modules/@prisma/engines": {
      "version": "6.0.1",
      "resolved": "https://registry.npmjs.org/@prisma/engines/-/engines-6.0.1.tgz",
      "integrity": "sha512-4hxzI+YQIR2uuDyVsDooFZGu5AtixbvM2psp+iayDZ4hRrAHo/YwgA17N23UWq7G6gRu18NvuNMb48qjP3DPQw==",
      "dev": true,
      "hasInstallScript": true,
      "license": "Apache-2.0",
      "dependencies": {
        "@prisma/debug": "6.0.1",
        "@prisma/engines-version": "5.23.0-27.5dbef10bdbfb579e07d35cc85fb1518d357cb99e",
        "@prisma/fetch-engine": "6.0.1",
        "@prisma/get-platform": "6.0.1"
      }
    },
    "node_modules/@prisma/engines-version": {
      "version": "5.23.0-27.5dbef10bdbfb579e07d35cc85fb1518d357cb99e",
      "resolved": "https://registry.npmjs.org/@prisma/engines-version/-/engines-version-5.23.0-27.5dbef10bdbfb579e07d35cc85fb1518d357cb99e.tgz",
      "integrity": "sha512-JmIds0Q2/vsOmnuTJYxY4LE+sajqjYKhLtdOT6y4imojqv5d/aeVEfbBGC74t8Be1uSp0OP8lxIj2OqoKbLsfQ==",
      "dev": true,
      "license": "Apache-2.0"
    },
    "node_modules/@prisma/fetch-engine": {
      "version": "6.0.1",
      "resolved": "https://registry.npmjs.org/@prisma/fetch-engine/-/fetch-engine-6.0.1.tgz",
      "integrity": "sha512-T36bWFVGeGYYSyYOj9d+O9G3sBC+pAyMC+jc45iSL63/Haq1GrYjQPgPMxrEj9m739taXrupoysRedQ+VyvM/Q==",
      "dev": true,
      "license": "Apache-2.0",
      "dependencies": {
        "@prisma/debug": "6.0.1",
        "@prisma/engines-version": "5.23.0-27.5dbef10bdbfb579e07d35cc85fb1518d357cb99e",
        "@prisma/get-platform": "6.0.1"
      }
    },
    "node_modules/@prisma/get-platform": {
      "version": "6.0.1",
      "resolved": "https://registry.npmjs.org/@prisma/get-platform/-/get-platform-6.0.1.tgz",
      "integrity": "sha512-zspC9vlxAqx4E6epMPMLLBMED2VD8axDe8sPnquZ8GOsn6tiacWK0oxrGK4UAHYzYUVuMVUApJbdXB2dFpLhvg==",
      "dev": true,
      "license": "Apache-2.0",
      "dependencies": {
        "@prisma/debug": "6.0.1"
      }
    },
    "node_modules/@types/node": {
      "version": "22.10.1",
      "resolved": "https://registry.npmjs.org/@types/node/-/node-22.10.1.tgz",
      "integrity": "sha512-qKgsUwfHZV2WCWLAnVP1JqnpE6Im6h3Y0+fYgMTasNQ7V++CBX5OT1as0g0f+OyubbFqhf6XVNIsmN4IIhEgGQ==",
      "dev": true,
      "license": "MIT",
      "dependencies": {
        "undici-types": "~6.20.0"
      }
    },
    "node_modules/asynckit": {
      "version": "0.4.0",
      "resolved": "https://registry.npmjs.org/asynckit/-/asynckit-0.4.0.tgz",
      "integrity": "sha512-Oei9OH4tRh0YqU3GxhX79dM/mwVgvbZJaSNaRk+bshkj0S5cfHcgYakreBjrHwatXKbz+IoIdYLxrKim2MjW0Q==",
      "license": "MIT"
    },
    "node_modules/axios": {
      "version": "1.7.9",
      "resolved": "https://registry.npmjs.org/axios/-/axios-1.7.9.tgz",
      "integrity": "sha512-LhLcE7Hbiryz8oMDdDptSrWowmB4Bl6RCt6sIJKpRB4XtVf0iEgewX3au/pJqm+Py1kCASkb/FFKjxQaLtxJvw==",
      "license": "MIT",
      "dependencies": {
        "follow-redirects": "^1.15.6",
        "form-data": "^4.0.0",
        "proxy-from-env": "^1.1.0"
      }
    },
    "node_modules/combined-stream": {
      "version": "1.0.8",
      "resolved": "https://registry.npmjs.org/combined-stream/-/combined-stream-1.0.8.tgz",
      "integrity": "sha512-FQN4MRfuJeHf7cBbBMJFXhKSDq+2kAArBlmRBvcvFE5BB1HZKXtSFASDhdlz9zOYwxh8lDdnvmMOe/+5cdoEdg==",
      "license": "MIT",
      "dependencies": {
        "delayed-stream": "~1.0.0"
      },
      "engines": {
        "node": ">= 0.8"
      }
    },
    "node_modules/commander": {
      "version": "12.1.0",
      "resolved": "https://registry.npmjs.org/commander/-/commander-12.1.0.tgz",
      "integrity": "sha512-Vw8qHK3bZM9y/P10u3Vib8o/DdkvA2OtPtZvD871QKjy74Wj1WSKFILMPRPSdUSx5RFK1arlJzEtA4PkFgnbuA==",
      "license": "MIT",
      "engines": {
        "node": ">=18"
      }
    },
    "node_modules/delayed-stream": {
      "version": "1.0.0",
      "resolved": "https://registry.npmjs.org/delayed-stream/-/delayed-stream-1.0.0.tgz",
      "integrity": "sha512-ZySD7Nf91aLB0RxL4KGrKHBXl7Eds1DAmEdcoVawXnLD7SDhpNgtuII2aAkg7a7QS41jxPSZ17p4VdGnMHk3MQ==",
      "license": "MIT",
      "engines": {
        "node": ">=0.4.0"
      }
    },
    "node_modules/dotenv": {
      "version": "16.4.7",
      "resolved": "https://registry.npmjs.org/dotenv/-/dotenv-16.4.7.tgz",
      "integrity": "sha512-47qPchRCykZC03FhkYAhrvwU4xDBFIj1QPqaarj6mdM/hgUzfPHcpkHJOn3mJAufFeeAxAzeGsr5X0M4k6fLZQ==",
      "license": "BSD-2-Clause",
      "engines": {
        "node": ">=12"
      },
      "funding": {
        "url": "https://dotenvx.com"
      }
    },
    "node_modules/follow-redirects": {
      "version": "1.15.9",
      "resolved": "https://registry.npmjs.org/follow-redirects/-/follow-redirects-1.15.9.tgz",
      "integrity": "sha512-gew4GsXizNgdoRyqmyfMHyAmXsZDk6mHkSxZFCzW9gwlbtOW44CDtYavM+y+72qD/Vq2l550kMF52DT8fOLJqQ==",
      "funding": [
        {
          "type": "individual",
          "url": "https://github.com/sponsors/RubenVerborgh"
        }
      ],
      "license": "MIT",
      "engines": {
        "node": ">=4.0"
      },
      "peerDependenciesMeta": {
        "debug": {
          "optional": true
        }
      }
    },
    "node_modules/form-data": {
      "version": "4.0.1",
      "resolved": "https://registry.npmjs.org/form-data/-/form-data-4.0.1.tgz",
      "integrity": "sha512-tzN8e4TX8+kkxGPK8D5u0FNmjPUjw3lwC9lSLxxoB/+GtsJG91CO8bSWy73APlgAZzZbXEYZJuxjkHH2w+Ezhw==",
      "license": "MIT",
      "dependencies": {
        "asynckit": "^0.4.0",
        "combined-stream": "^1.0.8",
        "mime-types": "^2.1.12"
      },
      "engines": {
        "node": ">= 6"
      }
    },
    "node_modules/fsevents": {
      "version": "2.3.3",
      "resolved": "https://registry.npmjs.org/fsevents/-/fsevents-2.3.3.tgz",
      "integrity": "sha512-5xoDfX+fL7faATnagmWPpbFtwh/R77WmMMqqHGS65C3vvB0YHrgF+B1YmZ3441tMj5n63k0212XNoJwzlhffQw==",
      "dev": true,
      "hasInstallScript": true,
      "license": "MIT",
      "optional": true,
      "os": [
        "darwin"
      ],
      "engines": {
        "node": "^8.16.0 || ^10.6.0 || >=11.0.0"
      }
    },
    "node_modules/mime-db": {
      "version": "1.52.0",
      "resolved": "https://registry.npmjs.org/mime-db/-/mime-db-1.52.0.tgz",
      "integrity": "sha512-sPU4uV7dYlvtWJxwwxHD0PuihVNiE7TyAbQ5SWxDCB9mUYvOgroQOwYQQOKPJ8CIbE+1ETVlOoK1UC2nU3gYvg==",
      "license": "MIT",
      "engines": {
        "node": ">= 0.6"
      }
    },
    "node_modules/mime-types": {
      "version": "2.1.35",
      "resolved": "https://registry.npmjs.org/mime-types/-/mime-types-2.1.35.tgz",
      "integrity": "sha512-ZDY+bPm5zTTF+YpCrAU9nK0UgICYPT0QtT1NZWFv4s++TNkcgVaT0g6+4R2uI4MjQjzysHB1zxuWL50hzaeXiw==",
      "license": "MIT",
      "dependencies": {
        "mime-db": "1.52.0"
      },
      "engines": {
        "node": ">= 0.6"
      }
    },
    "node_modules/prisma": {
      "version": "6.0.1",
      "resolved": "https://registry.npmjs.org/prisma/-/prisma-6.0.1.tgz",
      "integrity": "sha512-CaMNFHkf+DDq8zq3X/JJsQ4Koy7dyWwwtOKibkT/Am9j/tDxcfbg7+lB1Dzhx18G/+RQCMgjPYB61bhRqteNBQ==",
      "dev": true,
      "hasInstallScript": true,
      "license": "Apache-2.0",
      "dependencies": {
        "@prisma/engines": "6.0.1"
      },
      "bin": {
        "prisma": "build/index.js"
      },
      "engines": {
        "node": ">=18.18"
      },
      "optionalDependencies": {
        "fsevents": "2.3.3"
      }
    },
    "node_modules/proxy-from-env": {
      "version": "1.1.0",
      "resolved": "https://registry.npmjs.org/proxy-from-env/-/proxy-from-env-1.1.0.tgz",
      "integrity": "sha512-D+zkORCbA9f1tdWRK0RaCR3GPv50cMxcrz4X8k5LTSUD1Dkw47mKJEZQNunItRTkWwgtaUSo1RVFRIG9ZXiFYg==",
      "license": "MIT"
    },
    "node_modules/typescript": {
      "resolved": "node_modules/.pnpm/typescript@5.7.2/node_modules/typescript",
      "link": true
    },
    "node_modules/undici-types": {
      "version": "6.20.0",
      "resolved": "https://registry.npmjs.org/undici-types/-/undici-types-6.20.0.tgz",
      "integrity": "sha512-Ny6QZ2Nju20vw1SRHe3d9jVu6gJ+4e3+MMpqu7pqE5HT6WsTSlce++GQmK5UXS8mzV8DSYHrQH+Xrf2jVcuKNg==",
      "dev": true,
      "license": "MIT"
    }
  }
}
